
Microsoft Visual Studio Solution File, Format Version 12.00
# Visual Studio Version 16
VisualStudioVersion = 16.0.28803.202
MinimumVisualStudioVersion = 10.0.40219.1
Project("{2150E333-8FDC-42A3-9474-1A3956D46DE8}") = "apps", "apps", "{632F8F7E-D37B-48C8-AFB9-C5E8643BE077}"
EndProject
Project("{888888A0-9F3D-457C-B088-3A5042F75D52}") = "Python.Eel.Vue.Vuetify1", "Python.Eel.Vue.Vuetify1\Python.Eel.Vue.Vuetify1.pyproj", "{A1222D15-9D21-498E-A085-CD62B015381D}"
EndProject
Global
	GlobalSection(SolutionConfigurationPlatforms) = preSolution
		Debug|Any CPU = Debug|Any CPU
		Release|Any CPU = Release|Any CPU
	EndGlobalSection
	GlobalSection(ProjectConfigurationPlatforms) = postSolution
		{A1222D15-9D21-498E-A085-CD62B015381D}.Debug|Any CPU.ActiveCfg = Debug|Any CPU
		{A1222D15-9D21-498E-A085-CD62B015381D}.Debug|Any CPU.Build.0 = Debug|Any CPU
		{A1222D15-9D21-498E-A085-CD62B015381D}.Release|Any CPU.ActiveCfg = Release|Any CPU
		{A1222D15-9D21-498E-A085-CD62B015381D}.Release|Any CPU.Build.0 = Release|Any CPU
	EndGlobalSection
	GlobalSection(SolutionProperties) = preSolution
		HideSolutionNode = FALSE
	EndGlobalSection
	GlobalSection(NestedProjects) = preSolution
		{A1222D15-9D21-498E-A085-CD62B015381D} = {632F8F7E-D37B-48C8-AFB9-C5E8643BE077}
	EndGlobalSection
	GlobalSection(ExtensibilityGlobals) = postSolution
		SolutionGuid = {17643596-C221-437D-91D2-2C96992724D8}
	EndGlobalSection
EndGlobal
