
Microsoft Visual Studio Solution File, Format Version 12.00
# Visual Studio Version 16
VisualStudioVersion = 16.0.28803.156
MinimumVisualStudioVersion = 10.0.40219.1
Project("{2150E333-8FDC-42A3-9474-1A3956D46DE8}") = "sites", "sites", "{C7EDC477-0E3A-4673-94EC-5CF4F87ACC60}"
EndProject
Project("{888888A0-9F3D-457C-B088-3A5042F75D52}") = "PythonMicroWebSrv.Vue.Vuetify1", "PythonMicroWebSrv.Vue.Vuetify1\PythonMicroWebSrv.Vue.Vuetify1.pyproj", "{584B6CD0-93BE-4CE1-92CF-B18BF3AD10E2}"
EndProject
Global
	GlobalSection(SolutionConfigurationPlatforms) = preSolution
		Debug|Any CPU = Debug|Any CPU
		Release|Any CPU = Release|Any CPU
	EndGlobalSection
	GlobalSection(ProjectConfigurationPlatforms) = postSolution
		{584B6CD0-93BE-4CE1-92CF-B18BF3AD10E2}.Debug|Any CPU.ActiveCfg = Debug|Any CPU
		{584B6CD0-93BE-4CE1-92CF-B18BF3AD10E2}.Debug|Any CPU.Build.0 = Debug|Any CPU
		{584B6CD0-93BE-4CE1-92CF-B18BF3AD10E2}.Release|Any CPU.ActiveCfg = Release|Any CPU
		{584B6CD0-93BE-4CE1-92CF-B18BF3AD10E2}.Release|Any CPU.Build.0 = Release|Any CPU
	EndGlobalSection
	GlobalSection(SolutionProperties) = preSolution
		HideSolutionNode = FALSE
	EndGlobalSection
	GlobalSection(NestedProjects) = preSolution
		{584B6CD0-93BE-4CE1-92CF-B18BF3AD10E2} = {C7EDC477-0E3A-4673-94EC-5CF4F87ACC60}
	EndGlobalSection
	GlobalSection(ExtensibilityGlobals) = postSolution
		SolutionGuid = {9C28D75E-E1E6-4AC0-9937-54E5E136A1B7}
	EndGlobalSection
EndGlobal
